
Microsoft Visual Studio Solution File, Format Version 12.00
# Visual Studio 15
VisualStudioVersion = 15.0.27703.2042
MinimumVisualStudioVersion = 10.0.40219.1
Project("{FAE04EC0-301F-11D3-BF4B-00C04F79EFBC}") = "WPFSpinnerControl", "WPFSpinnerControl\WPFSpinnerControl.csproj", "{76D6BE40-3954-45FE-82D4-FA89F5FF746A}"
EndProject
Global
	GlobalSection(SolutionConfigurationPlatforms) = preSolution
		Debug|Any CPU = Debug|Any CPU
		Release|Any CPU = Release|Any CPU
	EndGlobalSection
	GlobalSection(ProjectConfigurationPlatforms) = postSolution
		{76D6BE40-3954-45FE-82D4-FA89F5FF746A}.Debug|Any CPU.ActiveCfg = Debug|Any CPU
		{76D6BE40-3954-45FE-82D4-FA89F5FF746A}.Debug|Any CPU.Build.0 = Debug|Any CPU
		{76D6BE40-3954-45FE-82D4-FA89F5FF746A}.Release|Any CPU.ActiveCfg = Release|Any CPU
		{76D6BE40-3954-45FE-82D4-FA89F5FF746A}.Release|Any CPU.Build.0 = Release|Any CPU
	EndGlobalSection
	GlobalSection(SolutionProperties) = preSolution
		HideSolutionNode = FALSE
	EndGlobalSection
	GlobalSection(ExtensibilityGlobals) = postSolution
		SolutionGuid = {6B36A407-A6E0-4B4B-925B-94C1025DACE6}
	EndGlobalSection
EndGlobal
